# This file is autogenerated, do not edit; changes may be undone by the next 'dep ensure'.


[[projects]]
  name = "github.com/aws/aws-lambda-go"
  packages = [
    "events",
    "lambda",
    "lambda/messages",
    "lambdacontext"
  ]
  revision = "6e2e37798efbb1dfd8e9c6681702e683a6046517"
  version = "v1.0.1"

[[projects]]
  name = "github.com/aws/aws-sdk-go"
  packages = [
    "aws",
    "aws/awserr",
    "aws/awsutil",
    "aws/client",
    "aws/client/metadata",
    "aws/corehandlers",
    "aws/credentials",
    "aws/credentials/ec2rolecreds",
    "aws/credentials/endpointcreds",
    "aws/credentials/stscreds",
    "aws/defaults",
    "aws/ec2metadata",
    "aws/endpoints",
    "aws/request",
    "aws/session",
    "aws/signer/v4",
    "internal/sdkio",
    "internal/sdkrand",
    "internal/shareddefaults",
    "private/protocol",
    "private/protocol/json/jsonutil",
    "private/protocol/jsonrpc",
    "private/protocol/query",
    "private/protocol/query/queryutil",
    "private/protocol/rest",
    "private/protocol/xml/xmlutil",
    "service/dynamodb",
    "service/dynamodb/dynamodbattribute",
    "service/sts"
  ]
  revision = "9b0098a71f6d4d473a26ec8ad3c2feaac6eb1da6"
  version = "v1.13.32"

[[projects]]
  name = "github.com/fillup/semver"
  packages = ["."]
  revision = "08201dc719617e5457b54d07b66988c422da44e6"
  version = "0.1.0"

[[projects]]
  name = "github.com/go-ini/ini"
  packages = ["."]
  revision = "ace140f73450505f33e8b8418216792275ae82a7"
  version = "v1.35.0"

[[projects]]
  name = "github.com/jmespath/go-jmespath"
  packages = ["."]
  revision = "0b12d6b5"

[[projects]]
  branch = "develop"
  name = "github.com/silinternational/speed-snitch-agent"
  packages = [
    ".",
    "lib/httputils",
    "lib/speedtestnet"
  ]
  revision = "333470d211f0fedebd9dcad8e7209a8a248c5924"

[solve-meta]
  analyzer-name = "dep"
  analyzer-version = 1
  inputs-digest = "169f13b96672bde45b01676753a338d463c274794c4f77224bfcbe688da2ec3e"
  solver-name = "gps-cdcl"
  solver-version = 1
